
Microsoft Visual Studio Solution File, Format Version 12.00
# Visual Studio Version 16
VisualStudioVersion = 16.0.30717.126
MinimumVisualStudioVersion = 10.0.40219.1
Project("{FAE04EC0-301F-11D3-BF4B-00C04F79EFBC}") = "Git_Test", "Git_Test\Git_Test.csproj", "{160DED1C-537A-40BE-9F87-EDCF149E9F54}"
EndProject
Global
	GlobalSection(SolutionConfigurationPlatforms) = preSolution
		Debug|Any CPU = Debug|Any CPU
		Release|Any CPU = Release|Any CPU
	EndGlobalSection
	GlobalSection(ProjectConfigurationPlatforms) = postSolution
		{160DED1C-537A-40BE-9F87-EDCF149E9F54}.Debug|Any CPU.ActiveCfg = Debug|Any CPU
		{160DED1C-537A-40BE-9F87-EDCF149E9F54}.Debug|Any CPU.Build.0 = Debug|Any CPU
		{160DED1C-537A-40BE-9F87-EDCF149E9F54}.Release|Any CPU.ActiveCfg = Release|Any CPU
		{160DED1C-537A-40BE-9F87-EDCF149E9F54}.Release|Any CPU.Build.0 = Release|Any CPU
	EndGlobalSection
	GlobalSection(SolutionProperties) = preSolution
		HideSolutionNode = FALSE
	EndGlobalSection
	GlobalSection(ExtensibilityGlobals) = postSolution
		SolutionGuid = {5FCAF095-7680-43CC-8E4D-4F893375933E}
	EndGlobalSection
EndGlobal
